// !$*UTF8*$!
{
	archiveVersion = 1;
	classes = {
	};
	objectVersion = 46;
	objects = {

/* Begin PBXBuildFile section */
		6829C22D1A3E87C600FAC3BA /* P8DebugIngredientTableViewController.swift in Sources */ = {isa = PBXBuildFile; fileRef = 6829C22C1A3E87C600FAC3BA /* P8DebugIngredientTableViewController.swift */; };
		6829C22F1A3EDA5600FAC3BA /* P8DebugIngredientTableViewCell.swift in Sources */ = {isa = PBXBuildFile; fileRef = 6829C22E1A3EDA5600FAC3BA /* P8DebugIngredientTableViewCell.swift */; };
		6829C2331A414AB900FAC3BA /* P8DebugStepTableViewCell.swift in Sources */ = {isa = PBXBuildFile; fileRef = 6829C2321A414AB900FAC3BA /* P8DebugStepTableViewCell.swift */; };
		6829C2351A414B1100FAC3BA /* P8DebugStepTableViewController.swift in Sources */ = {isa = PBXBuildFile; fileRef = 6829C2341A414B1100FAC3BA /* P8DebugStepTableViewController.swift */; };
		6839FEDF1A4179BE008FC4F5 /* P8RecipeDetailStepCell.swift in Sources */ = {isa = PBXBuildFile; fileRef = 6839FEDE1A4179BE008FC4F5 /* P8RecipeDetailStepCell.swift */; };
		683D5BE81A36B6BC00019906 /* P8CoreDataHelper.swift in Sources */ = {isa = PBXBuildFile; fileRef = 683D5BE71A36B6BC00019906 /* P8CoreDataHelper.swift */; };
		683D5BEC1A36C32D00019906 /* Project8.xcdatamodeld in Sources */ = {isa = PBXBuildFile; fileRef = 683D5BEA1A36C32D00019906 /* Project8.xcdatamodeld */; };
		683D5BEE1A36C3FF00019906 /* P8IngredientEditorTableViewController.swift in Sources */ = {isa = PBXBuildFile; fileRef = 683D5BED1A36C3FF00019906 /* P8IngredientEditorTableViewController.swift */; };
		683D5BF51A36C41A00019906 /* P8RecipeTableViewController.swift in Sources */ = {isa = PBXBuildFile; fileRef = 683D5BEF1A36C41A00019906 /* P8RecipeTableViewController.swift */; };
		683D5BF71A36C41A00019906 /* P8RecipeEditorViewController.swift in Sources */ = {isa = PBXBuildFile; fileRef = 683D5BF11A36C41A00019906 /* P8RecipeEditorViewController.swift */; };
		683D5BF81A36C41A00019906 /* P8RecipeDetailViewController.swift in Sources */ = {isa = PBXBuildFile; fileRef = 683D5BF21A36C41A00019906 /* P8RecipeDetailViewController.swift */; };
		683D5BF91A36C41A00019906 /* P8RecipeDetailTableViewController.swift in Sources */ = {isa = PBXBuildFile; fileRef = 683D5BF31A36C41A00019906 /* P8RecipeDetailTableViewController.swift */; };
		683D5BFA1A36C41A00019906 /* P8RecipeTableViewCell.swift in Sources */ = {isa = PBXBuildFile; fileRef = 683D5BF41A36C41A00019906 /* P8RecipeTableViewCell.swift */; };
		683D5C021A36C64C00019906 /* Recipe.swift in Sources */ = {isa = PBXBuildFile; fileRef = 683D5C011A36C64C00019906 /* Recipe.swift */; };
		683D5C041A36C65C00019906 /* Ingredient.swift in Sources */ = {isa = PBXBuildFile; fileRef = 683D5C031A36C65C00019906 /* Ingredient.swift */; };
		683D5C061A36C74900019906 /* Step.swift in Sources */ = {isa = PBXBuildFile; fileRef = 683D5C051A36C74900019906 /* Step.swift */; };
		6849973F1A38A5CF00065C2A /* P8RecipeDetailIngredientCell.swift in Sources */ = {isa = PBXBuildFile; fileRef = 6849973E1A38A5CF00065C2A /* P8RecipeDetailIngredientCell.swift */; };
		68538EDE1A24970E0085E763 /* FBHelper.swift in Sources */ = {isa = PBXBuildFile; fileRef = 68538EDD1A24970E0085E763 /* FBHelper.swift */; };
		68538EE01A256E360085E763 /* P8IngredientsTableViewController.swift in Sources */ = {isa = PBXBuildFile; fileRef = 68538EDF1A256E360085E763 /* P8IngredientsTableViewController.swift */; };
		68CD955A1A1EFFA900E5B7E4 /* FacebookSDK.framework in Frameworks */ = {isa = PBXBuildFile; fileRef = 68CD95591A1EFFA900E5B7E4 /* FacebookSDK.framework */; };
		68D71A651A1E4AF8004FC7DA /* AppDelegate.swift in Sources */ = {isa = PBXBuildFile; fileRef = 68D71A641A1E4AF8004FC7DA /* AppDelegate.swift */; };
		68D71A6D1A1E4AF8004FC7DA /* Main.storyboard in Resources */ = {isa = PBXBuildFile; fileRef = 68D71A6B1A1E4AF8004FC7DA /* Main.storyboard */; };
		68D71A6F1A1E4AF8004FC7DA /* Images.xcassets in Resources */ = {isa = PBXBuildFile; fileRef = 68D71A6E1A1E4AF8004FC7DA /* Images.xcassets */; };
		68D71A721A1E4AF8004FC7DA /* LaunchScreen.xib in Resources */ = {isa = PBXBuildFile; fileRef = 68D71A701A1E4AF8004FC7DA /* LaunchScreen.xib */; };
		68D71A7E1A1E4AF8004FC7DA /* Project8Tests.swift in Sources */ = {isa = PBXBuildFile; fileRef = 68D71A7D1A1E4AF8004FC7DA /* Project8Tests.swift */; };
		68F022AB1A37521200945C3A /* P8RecipeDetailRecipeCell.swift in Sources */ = {isa = PBXBuildFile; fileRef = 68F022AA1A37521100945C3A /* P8RecipeDetailRecipeCell.swift */; };
		D021A7471A1F08DF0090900E /* 1 original.jpg in Resources */ = {isa = PBXBuildFile; fileRef = D021A7461A1F08DF0090900E /* 1 original.jpg */; };
		D033396D1A3BDF5B003B6DCC /* JLMultiStepImagePickerViewController.m in Sources */ = {isa = PBXBuildFile; fileRef = D033396C1A3BDF5B003B6DCC /* JLMultiStepImagePickerViewController.m */; };
		D098BA3E1A3CFEAC0016CED1 /* ELCAlbumPickerController.m in Sources */ = {isa = PBXBuildFile; fileRef = D098BA281A3CFEAC0016CED1 /* ELCAlbumPickerController.m */; };
		D098BA3F1A3CFEAC0016CED1 /* ELCAsset.m in Sources */ = {isa = PBXBuildFile; fileRef = D098BA2A1A3CFEAC0016CED1 /* ELCAsset.m */; };
		D098BA401A3CFEAC0016CED1 /* ELCAssetCell.m in Sources */ = {isa = PBXBuildFile; fileRef = D098BA2C1A3CFEAC0016CED1 /* ELCAssetCell.m */; };
		D098BA411A3CFEAC0016CED1 /* ELCAssetTablePicker.m in Sources */ = {isa = PBXBuildFile; fileRef = D098BA301A3CFEAC0016CED1 /* ELCAssetTablePicker.m */; };
		D098BA421A3CFEAC0016CED1 /* ELCConsole.m in Sources */ = {isa = PBXBuildFile; fileRef = D098BA321A3CFEAC0016CED1 /* ELCConsole.m */; };
		D098BA431A3CFEAC0016CED1 /* ELCImagePickerController.m in Sources */ = {isa = PBXBuildFile; fileRef = D098BA341A3CFEAC0016CED1 /* ELCImagePickerController.m */; };
		D098BA441A3CFEAC0016CED1 /* ELCOverlayImageView.m in Sources */ = {isa = PBXBuildFile; fileRef = D098BA371A3CFEAC0016CED1 /* ELCOverlayImageView.m */; };
		D098BA451A3CFEAC0016CED1 /* ELCAlbumPickerController.xib in Resources */ = {isa = PBXBuildFile; fileRef = D098BA391A3CFEAC0016CED1 /* ELCAlbumPickerController.xib */; };
		D098BA461A3CFEAC0016CED1 /* ELCAssetPicker.xib in Resources */ = {isa = PBXBuildFile; fileRef = D098BA3A1A3CFEAC0016CED1 /* ELCAssetPicker.xib */; };
		D098BA471A3CFEAC0016CED1 /* ELCAssetTablePicker.xib in Resources */ = {isa = PBXBuildFile; fileRef = D098BA3B1A3CFEAC0016CED1 /* ELCAssetTablePicker.xib */; };
		D098BA481A3CFEAC0016CED1 /* Overlay.png in Resources */ = {isa = PBXBuildFile; fileRef = D098BA3C1A3CFEAC0016CED1 /* Overlay.png */; };
		D098BA491A3CFEAC0016CED1 /* Overlay@2x.png in Resources */ = {isa = PBXBuildFile; fileRef = D098BA3D1A3CFEAC0016CED1 /* Overlay@2x.png */; };
		D0A125B21A31660900A05F0B /* JLMultiLineTextEntryViewController.m in Sources */ = {isa = PBXBuildFile; fileRef = D0A125AB1A31660900A05F0B /* JLMultiLineTextEntryViewController.m */; };
		D0A125B31A31660900A05F0B /* JLStepEditorTableViewController.m in Sources */ = {isa = PBXBuildFile; fileRef = D0A125AD1A31660900A05F0B /* JLStepEditorTableViewController.m */; };
		D0A125B41A31660900A05F0B /* JLStepTableViewCell.m in Sources */ = {isa = PBXBuildFile; fileRef = D0A125AF1A31660900A05F0B /* JLStepTableViewCell.m */; };
		D0A125B81A31668800A05F0B /* JLIngredientEditorTableViewController.m in Sources */ = {isa = PBXBuildFile; fileRef = D0A125B71A31668800A05F0B /* JLIngredientEditorTableViewController.m */; };
		D0A126441A31965800A05F0B /* TemplateTableViewController.swift in Sources */ = {isa = PBXBuildFile; fileRef = D0A126431A31965800A05F0B /* TemplateTableViewController.swift */; };
		D0C1AAD11A2D9796001B7FB6 /* RecipeEditorViewController.swift in Sources */ = {isa = PBXBuildFile; fileRef = D0C1AAD01A2D9796001B7FB6 /* RecipeEditorViewController.swift */; };
		D0E329AC1A38BF4E00FBDE08 /* JLIngredientTableViewCell.m in Sources */ = {isa = PBXBuildFile; fileRef = D0E329AB1A38BF4E00FBDE08 /* JLIngredientTableViewCell.m */; };
		D0E329B01A38C02C00FBDE08 /* UIImage+JLUtilities.m in Sources */ = {isa = PBXBuildFile; fileRef = D0E329AF1A38C02C00FBDE08 /* UIImage+JLUtilities.m */; };
/* End PBXBuildFile section */

/* Begin PBXContainerItemProxy section */
		68D71A781A1E4AF8004FC7DA /* PBXContainerItemProxy */ = {
			isa = PBXContainerItemProxy;
			containerPortal = 68D71A571A1E4AF8004FC7DA /* Project object */;
			proxyType = 1;
			remoteGlobalIDString = 68D71A5E1A1E4AF8004FC7DA;
			remoteInfo = Project8;
		};
/* End PBXContainerItemProxy section */

/* Begin PBXFileReference section */
		6829C22C1A3E87C600FAC3BA /* P8DebugIngredientTableViewController.swift */ = {isa = PBXFileReference; fileEncoding = 4; lastKnownFileType = sourcecode.swift; name = P8DebugIngredientTableViewController.swift; path = Debug/P8DebugIngredientTableViewController.swift; sourceTree = "<group>"; };
		6829C22E1A3EDA5600FAC3BA /* P8DebugIngredientTableViewCell.swift */ = {isa = PBXFileReference; fileEncoding = 4; lastKnownFileType = sourcecode.swift; name = P8DebugIngredientTableViewCell.swift; path = Debug/P8DebugIngredientTableViewCell.swift; sourceTree = "<group>"; };
		6829C2321A414AB900FAC3BA /* P8DebugStepTableViewCell.swift */ = {isa = PBXFileReference; fileEncoding = 4; lastKnownFileType = sourcecode.swift; name = P8DebugStepTableViewCell.swift; path = Debug/P8DebugStepTableViewCell.swift; sourceTree = "<group>"; };
		6829C2341A414B1100FAC3BA /* P8DebugStepTableViewController.swift */ = {isa = PBXFileReference; fileEncoding = 4; lastKnownFileType = sourcecode.swift; name = P8DebugStepTableViewController.swift; path = Debug/P8DebugStepTableViewController.swift; sourceTree = "<group>"; };
		6839FEDE1A4179BE008FC4F5 /* P8RecipeDetailStepCell.swift */ = {isa = PBXFileReference; fileEncoding = 4; lastKnownFileType = sourcecode.swift; name = P8RecipeDetailStepCell.swift; path = RecipeTable/P8RecipeDetailStepCell.swift; sourceTree = "<group>"; };
		683D5BE71A36B6BC00019906 /* P8CoreDataHelper.swift */ = {isa = PBXFileReference; fileEncoding = 4; lastKnownFileType = sourcecode.swift; name = P8CoreDataHelper.swift; path = Helper/P8CoreDataHelper.swift; sourceTree = "<group>"; };
		683D5BEB1A36C32D00019906 /* Project8.xcdatamodel */ = {isa = PBXFileReference; lastKnownFileType = wrapper.xcdatamodel; path = Project8.xcdatamodel; sourceTree = "<group>"; };
		683D5BED1A36C3FF00019906 /* P8IngredientEditorTableViewController.swift */ = {isa = PBXFileReference; fileEncoding = 4; lastKnownFileType = sourcecode.swift; name = P8IngredientEditorTableViewController.swift; path = IngredientEditor/P8IngredientEditorTableViewController.swift; sourceTree = "<group>"; };
		683D5BEF1A36C41A00019906 /* P8RecipeTableViewController.swift */ = {isa = PBXFileReference; fileEncoding = 4; lastKnownFileType = sourcecode.swift; name = P8RecipeTableViewController.swift; path = RecipeTable/P8RecipeTableViewController.swift; sourceTree = "<group>"; };
		683D5BF11A36C41A00019906 /* P8RecipeEditorViewController.swift */ = {isa = PBXFileReference; fileEncoding = 4; lastKnownFileType = sourcecode.swift; name = P8RecipeEditorViewController.swift; path = RecipeEditor/P8RecipeEditorViewController.swift; sourceTree = "<group>"; };
		683D5BF21A36C41A00019906 /* P8RecipeDetailViewController.swift */ = {isa = PBXFileReference; fileEncoding = 4; lastKnownFileType = sourcecode.swift; name = P8RecipeDetailViewController.swift; path = RecipeTable/P8RecipeDetailViewController.swift; sourceTree = "<group>"; };
		683D5BF31A36C41A00019906 /* P8RecipeDetailTableViewController.swift */ = {isa = PBXFileReference; fileEncoding = 4; lastKnownFileType = sourcecode.swift; name = P8RecipeDetailTableViewController.swift; path = RecipeTable/P8RecipeDetailTableViewController.swift; sourceTree = "<group>"; };
		683D5BF41A36C41A00019906 /* P8RecipeTableViewCell.swift */ = {isa = PBXFileReference; fileEncoding = 4; lastKnownFileType = sourcecode.swift; name = P8RecipeTableViewCell.swift; path = RecipeTable/P8RecipeTableViewCell.swift; sourceTree = "<group>"; };
		683D5C011A36C64C00019906 /* Recipe.swift */ = {isa = PBXFileReference; fileEncoding = 4; lastKnownFileType = sourcecode.swift; name = Recipe.swift; path = NSManaged/Recipe.swift; sourceTree = "<group>"; };
		683D5C031A36C65C00019906 /* Ingredient.swift */ = {isa = PBXFileReference; fileEncoding = 4; lastKnownFileType = sourcecode.swift; name = Ingredient.swift; path = NSManaged/Ingredient.swift; sourceTree = "<group>"; };
		683D5C051A36C74900019906 /* Step.swift */ = {isa = PBXFileReference; fileEncoding = 4; lastKnownFileType = sourcecode.swift; name = Step.swift; path = NSManaged/Step.swift; sourceTree = "<group>"; };
		6849973E1A38A5CF00065C2A /* P8RecipeDetailIngredientCell.swift */ = {isa = PBXFileReference; fileEncoding = 4; lastKnownFileType = sourcecode.swift; name = P8RecipeDetailIngredientCell.swift; path = RecipeTable/P8RecipeDetailIngredientCell.swift; sourceTree = "<group>"; };
		68538EDD1A24970E0085E763 /* FBHelper.swift */ = {isa = PBXFileReference; fileEncoding = 4; lastKnownFileType = sourcecode.swift; name = FBHelper.swift; path = Helper/FBHelper.swift; sourceTree = "<group>"; };
		68538EDF1A256E360085E763 /* P8IngredientsTableViewController.swift */ = {isa = PBXFileReference; fileEncoding = 4; lastKnownFileType = sourcecode.swift; name = P8IngredientsTableViewController.swift; path = ../P8IngredientsTableViewController.swift; sourceTree = "<group>"; };
		68CD95571A1EFEE500E5B7E4 /* FB-BridgeHeader.h */ = {isa = PBXFileReference; lastKnownFileType = sourcecode.c.h; path = "FB-BridgeHeader.h"; sourceTree = "<group>"; };
		68CD95591A1EFFA900E5B7E4 /* FacebookSDK.framework */ = {isa = PBXFileReference; lastKnownFileType = wrapper.framework; path = FacebookSDK.framework; sourceTree = "<group>"; };
		68D71A5F1A1E4AF8004FC7DA /* Project8.app */ = {isa = PBXFileReference; explicitFileType = wrapper.application; includeInIndex = 0; path = Project8.app; sourceTree = BUILT_PRODUCTS_DIR; };
		68D71A631A1E4AF8004FC7DA /* Info.plist */ = {isa = PBXFileReference; lastKnownFileType = text.plist.xml; path = Info.plist; sourceTree = "<group>"; };
		68D71A641A1E4AF8004FC7DA /* AppDelegate.swift */ = {isa = PBXFileReference; lastKnownFileType = sourcecode.swift; path = AppDelegate.swift; sourceTree = "<group>"; };
		68D71A6C1A1E4AF8004FC7DA /* Base */ = {isa = PBXFileReference; lastKnownFileType = file.storyboard; name = Base; path = Base.lproj/Main.storyboard; sourceTree = "<group>"; };
		68D71A6E1A1E4AF8004FC7DA /* Images.xcassets */ = {isa = PBXFileReference; lastKnownFileType = folder.assetcatalog; path = Images.xcassets; sourceTree = "<group>"; };
		68D71A711A1E4AF8004FC7DA /* Base */ = {isa = PBXFileReference; lastKnownFileType = file.xib; name = Base; path = Base.lproj/LaunchScreen.xib; sourceTree = "<group>"; };
		68D71A771A1E4AF8004FC7DA /* Project8Tests.xctest */ = {isa = PBXFileReference; explicitFileType = wrapper.cfbundle; includeInIndex = 0; path = Project8Tests.xctest; sourceTree = BUILT_PRODUCTS_DIR; };
		68D71A7C1A1E4AF8004FC7DA /* Info.plist */ = {isa = PBXFileReference; lastKnownFileType = text.plist.xml; path = Info.plist; sourceTree = "<group>"; };
		68D71A7D1A1E4AF8004FC7DA /* Project8Tests.swift */ = {isa = PBXFileReference; lastKnownFileType = sourcecode.swift; path = Project8Tests.swift; sourceTree = "<group>"; };
		68F022AA1A37521100945C3A /* P8RecipeDetailRecipeCell.swift */ = {isa = PBXFileReference; fileEncoding = 4; lastKnownFileType = sourcecode.swift; name = P8RecipeDetailRecipeCell.swift; path = RecipeTable/P8RecipeDetailRecipeCell.swift; sourceTree = "<group>"; };
		D021A7461A1F08DF0090900E /* 1 original.jpg */ = {isa = PBXFileReference; lastKnownFileType = image.jpeg; path = "1 original.jpg"; sourceTree = "<group>"; };
		D033396B1A3BDF5B003B6DCC /* JLMultiStepImagePickerViewController.h */ = {isa = PBXFileReference; fileEncoding = 4; lastKnownFileType = sourcecode.c.h; name = JLMultiStepImagePickerViewController.h; path = "JL Multi Step Image Picker/JLMultiStepImagePickerViewController.h"; sourceTree = "<group>"; };
		D033396C1A3BDF5B003B6DCC /* JLMultiStepImagePickerViewController.m */ = {isa = PBXFileReference; fileEncoding = 4; lastKnownFileType = sourcecode.c.objc; name = JLMultiStepImagePickerViewController.m; path = "JL Multi Step Image Picker/JLMultiStepImagePickerViewController.m"; sourceTree = "<group>"; };
		D098BA271A3CFEAC0016CED1 /* ELCAlbumPickerController.h */ = {isa = PBXFileReference; fileEncoding = 4; lastKnownFileType = sourcecode.c.h; path = ELCAlbumPickerController.h; sourceTree = "<group>"; };
		D098BA281A3CFEAC0016CED1 /* ELCAlbumPickerController.m */ = {isa = PBXFileReference; fileEncoding = 4; lastKnownFileType = sourcecode.c.objc; path = ELCAlbumPickerController.m; sourceTree = "<group>"; };
		D098BA291A3CFEAC0016CED1 /* ELCAsset.h */ = {isa = PBXFileReference; fileEncoding = 4; lastKnownFileType = sourcecode.c.h; path = ELCAsset.h; sourceTree = "<group>"; };
		D098BA2A1A3CFEAC0016CED1 /* ELCAsset.m */ = {isa = PBXFileReference; fileEncoding = 4; lastKnownFileType = sourcecode.c.objc; path = ELCAsset.m; sourceTree = "<group>"; };
		D098BA2B1A3CFEAC0016CED1 /* ELCAssetCell.h */ = {isa = PBXFileReference; fileEncoding = 4; lastKnownFileType = sourcecode.c.h; path = ELCAssetCell.h; sourceTree = "<group>"; };
		D098BA2C1A3CFEAC0016CED1 /* ELCAssetCell.m */ = {isa = PBXFileReference; fileEncoding = 4; lastKnownFileType = sourcecode.c.objc; path = ELCAssetCell.m; sourceTree = "<group>"; };
		D098BA2D1A3CFEAC0016CED1 /* ELCAssetPickerFilterDelegate.h */ = {isa = PBXFileReference; fileEncoding = 4; lastKnownFileType = sourcecode.c.h; path = ELCAssetPickerFilterDelegate.h; sourceTree = "<group>"; };
		D098BA2E1A3CFEAC0016CED1 /* ELCAssetSelectionDelegate.h */ = {isa = PBXFileReference; fileEncoding = 4; lastKnownFileType = sourcecode.c.h; path = ELCAssetSelectionDelegate.h; sourceTree = "<group>"; };
		D098BA2F1A3CFEAC0016CED1 /* ELCAssetTablePicker.h */ = {isa = PBXFileReference; fileEncoding = 4; lastKnownFileType = sourcecode.c.h; path = ELCAssetTablePicker.h; sourceTree = "<group>"; };
		D098BA301A3CFEAC0016CED1 /* ELCAssetTablePicker.m */ = {isa = PBXFileReference; fileEncoding = 4; lastKnownFileType = sourcecode.c.objc; path = ELCAssetTablePicker.m; sourceTree = "<group>"; };
		D098BA311A3CFEAC0016CED1 /* ELCConsole.h */ = {isa = PBXFileReference; fileEncoding = 4; lastKnownFileType = sourcecode.c.h; path = ELCConsole.h; sourceTree = "<group>"; };
		D098BA321A3CFEAC0016CED1 /* ELCConsole.m */ = {isa = PBXFileReference; fileEncoding = 4; lastKnownFileType = sourcecode.c.objc; path = ELCConsole.m; sourceTree = "<group>"; };
		D098BA331A3CFEAC0016CED1 /* ELCImagePickerController.h */ = {isa = PBXFileReference; fileEncoding = 4; lastKnownFileType = sourcecode.c.h; path = ELCImagePickerController.h; sourceTree = "<group>"; };
		D098BA341A3CFEAC0016CED1 /* ELCImagePickerController.m */ = {isa = PBXFileReference; fileEncoding = 4; lastKnownFileType = sourcecode.c.objc; path = ELCImagePickerController.m; sourceTree = "<group>"; };
		D098BA351A3CFEAC0016CED1 /* ELCImagePickerHeader.h */ = {isa = PBXFileReference; fileEncoding = 4; lastKnownFileType = sourcecode.c.h; path = ELCImagePickerHeader.h; sourceTree = "<group>"; };
		D098BA361A3CFEAC0016CED1 /* ELCOverlayImageView.h */ = {isa = PBXFileReference; fileEncoding = 4; lastKnownFileType = sourcecode.c.h; path = ELCOverlayImageView.h; sourceTree = "<group>"; };
		D098BA371A3CFEAC0016CED1 /* ELCOverlayImageView.m */ = {isa = PBXFileReference; fileEncoding = 4; lastKnownFileType = sourcecode.c.objc; path = ELCOverlayImageView.m; sourceTree = "<group>"; };
		D098BA391A3CFEAC0016CED1 /* ELCAlbumPickerController.xib */ = {isa = PBXFileReference; fileEncoding = 4; lastKnownFileType = file.xib; path = ELCAlbumPickerController.xib; sourceTree = "<group>"; };
		D098BA3A1A3CFEAC0016CED1 /* ELCAssetPicker.xib */ = {isa = PBXFileReference; fileEncoding = 4; lastKnownFileType = file.xib; path = ELCAssetPicker.xib; sourceTree = "<group>"; };
		D098BA3B1A3CFEAC0016CED1 /* ELCAssetTablePicker.xib */ = {isa = PBXFileReference; fileEncoding = 4; lastKnownFileType = file.xib; path = ELCAssetTablePicker.xib; sourceTree = "<group>"; };
		D098BA3C1A3CFEAC0016CED1 /* Overlay.png */ = {isa = PBXFileReference; lastKnownFileType = image.png; path = Overlay.png; sourceTree = "<group>"; };
		D098BA3D1A3CFEAC0016CED1 /* Overlay@2x.png */ = {isa = PBXFileReference; lastKnownFileType = image.png; path = "Overlay@2x.png"; sourceTree = "<group>"; };
		D0A125AA1A31660900A05F0B /* JLMultiLineTextEntryViewController.h */ = {isa = PBXFileReference; fileEncoding = 4; lastKnownFileType = sourcecode.c.h; path = JLMultiLineTextEntryViewController.h; sourceTree = "<group>"; };
		D0A125AB1A31660900A05F0B /* JLMultiLineTextEntryViewController.m */ = {isa = PBXFileReference; fileEncoding = 4; lastKnownFileType = sourcecode.c.objc; path = JLMultiLineTextEntryViewController.m; sourceTree = "<group>"; };
		D0A125AC1A31660900A05F0B /* JLStepEditorTableViewController.h */ = {isa = PBXFileReference; fileEncoding = 4; lastKnownFileType = sourcecode.c.h; path = JLStepEditorTableViewController.h; sourceTree = "<group>"; };
		D0A125AD1A31660900A05F0B /* JLStepEditorTableViewController.m */ = {isa = PBXFileReference; fileEncoding = 4; lastKnownFileType = sourcecode.c.objc; path = JLStepEditorTableViewController.m; sourceTree = "<group>"; };
		D0A125AE1A31660900A05F0B /* JLStepTableViewCell.h */ = {isa = PBXFileReference; fileEncoding = 4; lastKnownFileType = sourcecode.c.h; path = JLStepTableViewCell.h; sourceTree = "<group>"; };
		D0A125AF1A31660900A05F0B /* JLStepTableViewCell.m */ = {isa = PBXFileReference; fileEncoding = 4; lastKnownFileType = sourcecode.c.objc; path = JLStepTableViewCell.m; sourceTree = "<group>"; };
		D0A125B61A31668800A05F0B /* JLIngredientEditorTableViewController.h */ = {isa = PBXFileReference; fileEncoding = 4; lastKnownFileType = sourcecode.c.h; name = JLIngredientEditorTableViewController.h; path = "Project8/JL Ingredient Editor/JLIngredientEditorTableViewController.h"; sourceTree = SOURCE_ROOT; };
		D0A125B71A31668800A05F0B /* JLIngredientEditorTableViewController.m */ = {isa = PBXFileReference; fileEncoding = 4; lastKnownFileType = sourcecode.c.objc; name = JLIngredientEditorTableViewController.m; path = "Project8/JL Ingredient Editor/JLIngredientEditorTableViewController.m"; sourceTree = SOURCE_ROOT; };
		D0A125BD1A31681700A05F0B /* Project8-Bridge-Header.h */ = {isa = PBXFileReference; fileEncoding = 4; lastKnownFileType = sourcecode.c.h; name = "Project8-Bridge-Header.h"; path = "Project8/Project8-Bridge-Header.h"; sourceTree = SOURCE_ROOT; };
		D0A126431A31965800A05F0B /* TemplateTableViewController.swift */ = {isa = PBXFileReference; fileEncoding = 4; lastKnownFileType = sourcecode.swift; path = TemplateTableViewController.swift; sourceTree = "<group>"; };
		D0C1AAD01A2D9796001B7FB6 /* RecipeEditorViewController.swift */ = {isa = PBXFileReference; fileEncoding = 4; lastKnownFileType = sourcecode.swift; path = RecipeEditorViewController.swift; sourceTree = "<group>"; };
		D0E329AA1A38BF4E00FBDE08 /* JLIngredientTableViewCell.h */ = {isa = PBXFileReference; fileEncoding = 4; lastKnownFileType = sourcecode.c.h; name = JLIngredientTableViewCell.h; path = "Project8/JL Ingredient Editor/JLIngredientTableViewCell.h"; sourceTree = SOURCE_ROOT; };
		D0E329AB1A38BF4E00FBDE08 /* JLIngredientTableViewCell.m */ = {isa = PBXFileReference; fileEncoding = 4; lastKnownFileType = sourcecode.c.objc; name = JLIngredientTableViewCell.m; path = "Project8/JL Ingredient Editor/JLIngredientTableViewCell.m"; sourceTree = SOURCE_ROOT; };
		D0E329AE1A38C02C00FBDE08 /* UIImage+JLUtilities.h */ = {isa = PBXFileReference; fileEncoding = 4; lastKnownFileType = sourcecode.c.h; name = "UIImage+JLUtilities.h"; path = "JL Utilities/UIImage+JLUtilities.h"; sourceTree = "<group>"; };
		D0E329AF1A38C02C00FBDE08 /* UIImage+JLUtilities.m */ = {isa = PBXFileReference; fileEncoding = 4; lastKnownFileType = sourcecode.c.objc; name = "UIImage+JLUtilities.m"; path = "JL Utilities/UIImage+JLUtilities.m"; sourceTree = "<group>"; };
/* End PBXFileReference section */

/* Begin PBXFrameworksBuildPhase section */
		68D71A5C1A1E4AF8004FC7DA /* Frameworks */ = {
			isa = PBXFrameworksBuildPhase;
			buildActionMask = 2147483647;
			files = (
				68CD955A1A1EFFA900E5B7E4 /* FacebookSDK.framework in Frameworks */,
			);
			runOnlyForDeploymentPostprocessing = 0;
		};
		68D71A741A1E4AF8004FC7DA /* Frameworks */ = {
			isa = PBXFrameworksBuildPhase;
			buildActionMask = 2147483647;
			files = (
			);
			runOnlyForDeploymentPostprocessing = 0;
		};
/* End PBXFrameworksBuildPhase section */

/* Begin PBXGroup section */
		6829C22B1A3E876300FAC3BA /* Debug */ = {
			isa = PBXGroup;
			children = (
				6829C22E1A3EDA5600FAC3BA /* P8DebugIngredientTableViewCell.swift */,
				6829C22C1A3E87C600FAC3BA /* P8DebugIngredientTableViewController.swift */,
				6829C2321A414AB900FAC3BA /* P8DebugStepTableViewCell.swift */,
				6829C2341A414B1100FAC3BA /* P8DebugStepTableViewController.swift */,
			);
			name = Debug;
			sourceTree = "<group>";
		};
		683D5BE91A36B6C400019906 /* Helper */ = {
			isa = PBXGroup;
			children = (
				683D5BE71A36B6BC00019906 /* P8CoreDataHelper.swift */,
				68538EDD1A24970E0085E763 /* FBHelper.swift */,
			);
			name = Helper;
			sourceTree = "<group>";
		};
		683D5BFB1A36C43800019906 /* RecipeTable */ = {
			isa = PBXGroup;
			children = (
				683D5BF21A36C41A00019906 /* P8RecipeDetailViewController.swift */,
				68F022AA1A37521100945C3A /* P8RecipeDetailRecipeCell.swift */,
				6839FEDE1A4179BE008FC4F5 /* P8RecipeDetailStepCell.swift */,
				6849973E1A38A5CF00065C2A /* P8RecipeDetailIngredientCell.swift */,
				683D5BF31A36C41A00019906 /* P8RecipeDetailTableViewController.swift */,
				683D5BF41A36C41A00019906 /* P8RecipeTableViewCell.swift */,
				683D5BEF1A36C41A00019906 /* P8RecipeTableViewController.swift */,
			);
			name = RecipeTable;
			sourceTree = "<group>";
		};
		683D5BFC1A36C45500019906 /* RecipeEditor */ = {
			isa = PBXGroup;
			children = (
				683D5BF11A36C41A00019906 /* P8RecipeEditorViewController.swift */,
			);
			name = RecipeEditor;
			sourceTree = "<group>";
		};
		683D5BFD1A36C4E400019906 /* IngredientEditor */ = {
			isa = PBXGroup;
			children = (
				683D5BED1A36C3FF00019906 /* P8IngredientEditorTableViewController.swift */,
			);
			name = IngredientEditor;
			sourceTree = "<group>";
		};
		683D5BFE1A36C51800019906 /* NSManaged */ = {
			isa = PBXGroup;
			children = (
				683D5C031A36C65C00019906 /* Ingredient.swift */,
				683D5C011A36C64C00019906 /* Recipe.swift */,
				683D5C051A36C74900019906 /* Step.swift */,
			);
			name = NSManaged;
			sourceTree = "<group>";
		};
		68CD95581A1EFF4F00E5B7E4 /* FrameWorks */ = {
			isa = PBXGroup;
			children = (
				68CD95591A1EFFA900E5B7E4 /* FacebookSDK.framework */,
				68CD95571A1EFEE500E5B7E4 /* FB-BridgeHeader.h */,
			);
			name = FrameWorks;
			path = Project8;
			sourceTree = "<group>";
		};
		68D71A561A1E4AF8004FC7DA = {
			isa = PBXGroup;
			children = (
				68D71A611A1E4AF8004FC7DA /* Project8 */,
				68D71A7A1A1E4AF8004FC7DA /* Project8Tests */,
				68D71A601A1E4AF8004FC7DA /* Products */,
				68CD95581A1EFF4F00E5B7E4 /* FrameWorks */,
			);
			sourceTree = "<group>";
		};
		68D71A601A1E4AF8004FC7DA /* Products */ = {
			isa = PBXGroup;
			children = (
				68D71A5F1A1E4AF8004FC7DA /* Project8.app */,
				68D71A771A1E4AF8004FC7DA /* Project8Tests.xctest */,
			);
			name = Products;
			sourceTree = "<group>";
		};
		68D71A611A1E4AF8004FC7DA /* Project8 */ = {
			isa = PBXGroup;
			children = (
				68D71A6B1A1E4AF8004FC7DA /* Main.storyboard */,
				6829C22B1A3E876300FAC3BA /* Debug */,
				D0E329AD1A38BFFC00FBDE08 /* JLUtilities */,
				68F022A91A374E4B00945C3A /* JLIngredientEditor */,
				D0A125A91A31660900A05F0B /* JL Step Editor */,
				683D5BFB1A36C43800019906 /* RecipeTable */,
				683D5BFC1A36C45500019906 /* RecipeEditor */,
				683D5BFD1A36C4E400019906 /* IngredientEditor */,
				683D5BE91A36B6C400019906 /* Helper */,
				683D5BFE1A36C51800019906 /* NSManaged */,
				68538EDF1A256E360085E763 /* P8IngredientsTableViewController.swift */,
				68D71A641A1E4AF8004FC7DA /* AppDelegate.swift */,
				68D71A6E1A1E4AF8004FC7DA /* Images.xcassets */,
				D021A7461A1F08DF0090900E /* 1 original.jpg */,
				68D71A701A1E4AF8004FC7DA /* LaunchScreen.xib */,
				683D5BEA1A36C32D00019906 /* Project8.xcdatamodeld */,
				68D71A621A1E4AF8004FC7DA /* Supporting Files */,
				D0C1AAD01A2D9796001B7FB6 /* RecipeEditorViewController.swift */,
				D0A126431A31965800A05F0B /* TemplateTableViewController.swift */,
				D033396E1A3BDF6F003B6DCC /* JL Multi Impage Picker */,
			);
			path = Project8;
			sourceTree = "<group>";
		};
		68D71A621A1E4AF8004FC7DA /* Supporting Files */ = {
			isa = PBXGroup;
			children = (
				D0A125BD1A31681700A05F0B /* Project8-Bridge-Header.h */,
				68D71A631A1E4AF8004FC7DA /* Info.plist */,
			);
			name = "Supporting Files";
			sourceTree = "<group>";
		};
		68D71A7A1A1E4AF8004FC7DA /* Project8Tests */ = {
			isa = PBXGroup;
			children = (
				68D71A7D1A1E4AF8004FC7DA /* Project8Tests.swift */,
				68D71A7B1A1E4AF8004FC7DA /* Supporting Files */,
			);
			path = Project8Tests;
			sourceTree = "<group>";
		};
		68D71A7B1A1E4AF8004FC7DA /* Supporting Files */ = {
			isa = PBXGroup;
			children = (
				68D71A7C1A1E4AF8004FC7DA /* Info.plist */,
			);
			name = "Supporting Files";
			sourceTree = "<group>";
		};
		68F022A91A374E4B00945C3A /* JLIngredientEditor */ = {
			isa = PBXGroup;
			children = (
				D0A125B61A31668800A05F0B /* JLIngredientEditorTableViewController.h */,
				D0A125B71A31668800A05F0B /* JLIngredientEditorTableViewController.m */,
				D0E329AA1A38BF4E00FBDE08 /* JLIngredientTableViewCell.h */,
				D0E329AB1A38BF4E00FBDE08 /* JLIngredientTableViewCell.m */,
			);
			name = JLIngredientEditor;
			path = "JL Step Editor";
			sourceTree = "<group>";
		};
		D033396E1A3BDF6F003B6DCC /* JL Multi Impage Picker */ = {
			isa = PBXGroup;
			children = (
				D098BA261A3CFEAC0016CED1 /* ELCImagePicker */,
				D033396B1A3BDF5B003B6DCC /* JLMultiStepImagePickerViewController.h */,
				D033396C1A3BDF5B003B6DCC /* JLMultiStepImagePickerViewController.m */,
			);
			name = "JL Multi Impage Picker";
			sourceTree = "<group>";
		};
		D098BA261A3CFEAC0016CED1 /* ELCImagePicker */ = {
			isa = PBXGroup;
			children = (
				D098BA271A3CFEAC0016CED1 /* ELCAlbumPickerController.h */,
				D098BA281A3CFEAC0016CED1 /* ELCAlbumPickerController.m */,
				D098BA291A3CFEAC0016CED1 /* ELCAsset.h */,
				D098BA2A1A3CFEAC0016CED1 /* ELCAsset.m */,
				D098BA2B1A3CFEAC0016CED1 /* ELCAssetCell.h */,
				D098BA2C1A3CFEAC0016CED1 /* ELCAssetCell.m */,
				D098BA2D1A3CFEAC0016CED1 /* ELCAssetPickerFilterDelegate.h */,
				D098BA2E1A3CFEAC0016CED1 /* ELCAssetSelectionDelegate.h */,
				D098BA2F1A3CFEAC0016CED1 /* ELCAssetTablePicker.h */,
				D098BA301A3CFEAC0016CED1 /* ELCAssetTablePicker.m */,
				D098BA311A3CFEAC0016CED1 /* ELCConsole.h */,
				D098BA321A3CFEAC0016CED1 /* ELCConsole.m */,
				D098BA331A3CFEAC0016CED1 /* ELCImagePickerController.h */,
				D098BA341A3CFEAC0016CED1 /* ELCImagePickerController.m */,
				D098BA351A3CFEAC0016CED1 /* ELCImagePickerHeader.h */,
				D098BA361A3CFEAC0016CED1 /* ELCOverlayImageView.h */,
				D098BA371A3CFEAC0016CED1 /* ELCOverlayImageView.m */,
				D098BA381A3CFEAC0016CED1 /* Resources */,
			);
			path = ELCImagePicker;
			sourceTree = "<group>";
		};
		D098BA381A3CFEAC0016CED1 /* Resources */ = {
			isa = PBXGroup;
			children = (
				D098BA391A3CFEAC0016CED1 /* ELCAlbumPickerController.xib */,
				D098BA3A1A3CFEAC0016CED1 /* ELCAssetPicker.xib */,
				D098BA3B1A3CFEAC0016CED1 /* ELCAssetTablePicker.xib */,
				D098BA3C1A3CFEAC0016CED1 /* Overlay.png */,
				D098BA3D1A3CFEAC0016CED1 /* Overlay@2x.png */,
			);
			path = Resources;
			sourceTree = "<group>";
		};
		D0A125A91A31660900A05F0B /* JL Step Editor */ = {
			isa = PBXGroup;
			children = (
				D0A125AA1A31660900A05F0B /* JLMultiLineTextEntryViewController.h */,
				D0A125AB1A31660900A05F0B /* JLMultiLineTextEntryViewController.m */,
				D0A125AC1A31660900A05F0B /* JLStepEditorTableViewController.h */,
				D0A125AD1A31660900A05F0B /* JLStepEditorTableViewController.m */,
				D0A125AE1A31660900A05F0B /* JLStepTableViewCell.h */,
				D0A125AF1A31660900A05F0B /* JLStepTableViewCell.m */,
			);
			path = "JL Step Editor";
			sourceTree = "<group>";
		};
		D0E329AD1A38BFFC00FBDE08 /* JLUtilities */ = {
			isa = PBXGroup;
			children = (
				D0E329AE1A38C02C00FBDE08 /* UIImage+JLUtilities.h */,
				D0E329AF1A38C02C00FBDE08 /* UIImage+JLUtilities.m */,
			);
			name = JLUtilities;
			sourceTree = "<group>";
		};
/* End PBXGroup section */

/* Begin PBXNativeTarget section */
		68D71A5E1A1E4AF8004FC7DA /* Project8 */ = {
			isa = PBXNativeTarget;
			buildConfigurationList = 68D71A811A1E4AF8004FC7DA /* Build configuration list for PBXNativeTarget "Project8" */;
			buildPhases = (
				68D71A5B1A1E4AF8004FC7DA /* Sources */,
				68D71A5C1A1E4AF8004FC7DA /* Frameworks */,
				68D71A5D1A1E4AF8004FC7DA /* Resources */,
			);
			buildRules = (
			);
			dependencies = (
			);
			name = Project8;
			productName = Project8;
			productReference = 68D71A5F1A1E4AF8004FC7DA /* Project8.app */;
			productType = "com.apple.product-type.application";
		};
		68D71A761A1E4AF8004FC7DA /* Project8Tests */ = {
			isa = PBXNativeTarget;
			buildConfigurationList = 68D71A841A1E4AF8004FC7DA /* Build configuration list for PBXNativeTarget "Project8Tests" */;
			buildPhases = (
				68D71A731A1E4AF8004FC7DA /* Sources */,
				68D71A741A1E4AF8004FC7DA /* Frameworks */,
				68D71A751A1E4AF8004FC7DA /* Resources */,
			);
			buildRules = (
			);
			dependencies = (
				68D71A791A1E4AF8004FC7DA /* PBXTargetDependency */,
			);
			name = Project8Tests;
			productName = Project8Tests;
			productReference = 68D71A771A1E4AF8004FC7DA /* Project8Tests.xctest */;
			productType = "com.apple.product-type.bundle.unit-test";
		};
/* End PBXNativeTarget section */

/* Begin PBXProject section */
		68D71A571A1E4AF8004FC7DA /* Project object */ = {
			isa = PBXProject;
			attributes = {
				LastUpgradeCheck = 0610;
				ORGANIZATIONNAME = "Vegiecat Studio";
				TargetAttributes = {
					68D71A5E1A1E4AF8004FC7DA = {
						CreatedOnToolsVersion = 6.1;
					};
					68D71A761A1E4AF8004FC7DA = {
						CreatedOnToolsVersion = 6.1;
						TestTargetID = 68D71A5E1A1E4AF8004FC7DA;
					};
				};
			};
			buildConfigurationList = 68D71A5A1A1E4AF8004FC7DA /* Build configuration list for PBXProject "Project8" */;
			compatibilityVersion = "Xcode 3.2";
			developmentRegion = English;
			hasScannedForEncodings = 0;
			knownRegions = (
				en,
				Base,
			);
			mainGroup = 68D71A561A1E4AF8004FC7DA;
			productRefGroup = 68D71A601A1E4AF8004FC7DA /* Products */;
			projectDirPath = "";
			projectRoot = "";
			targets = (
				68D71A5E1A1E4AF8004FC7DA /* Project8 */,
				68D71A761A1E4AF8004FC7DA /* Project8Tests */,
			);
		};
/* End PBXProject section */

/* Begin PBXResourcesBuildPhase section */
		68D71A5D1A1E4AF8004FC7DA /* Resources */ = {
			isa = PBXResourcesBuildPhase;
			buildActionMask = 2147483647;
			files = (
				D098BA481A3CFEAC0016CED1 /* Overlay.png in Resources */,
				D098BA451A3CFEAC0016CED1 /* ELCAlbumPickerController.xib in Resources */,
				D098BA491A3CFEAC0016CED1 /* Overlay@2x.png in Resources */,
				68D71A6D1A1E4AF8004FC7DA /* Main.storyboard in Resources */,
				68D71A721A1E4AF8004FC7DA /* LaunchScreen.xib in Resources */,
				D098BA461A3CFEAC0016CED1 /* ELCAssetPicker.xib in Resources */,
				D098BA471A3CFEAC0016CED1 /* ELCAssetTablePicker.xib in Resources */,
				68D71A6F1A1E4AF8004FC7DA /* Images.xcassets in Resources */,
				D021A7471A1F08DF0090900E /* 1 original.jpg in Resources */,
			);
			runOnlyForDeploymentPostprocessing = 0;
		};
		68D71A751A1E4AF8004FC7DA /* Resources */ = {
			isa = PBXResourcesBuildPhase;
			buildActionMask = 2147483647;
			files = (
			);
			runOnlyForDeploymentPostprocessing = 0;
		};
/* End PBXResourcesBuildPhase section */

/* Begin PBXSourcesBuildPhase section */
		68D71A5B1A1E4AF8004FC7DA /* Sources */ = {
			isa = PBXSourcesBuildPhase;
			buildActionMask = 2147483647;
			files = (
				683D5BE81A36B6BC00019906 /* P8CoreDataHelper.swift in Sources */,
				D0A125B31A31660900A05F0B /* JLStepEditorTableViewController.m in Sources */,
				683D5C041A36C65C00019906 /* Ingredient.swift in Sources */,
				68538EDE1A24970E0085E763 /* FBHelper.swift in Sources */,
				D098BA441A3CFEAC0016CED1 /* ELCOverlayImageView.m in Sources */,
				683D5BF51A36C41A00019906 /* P8RecipeTableViewController.swift in Sources */,
				683D5BF91A36C41A00019906 /* P8RecipeDetailTableViewController.swift in Sources */,
				D0A125B21A31660900A05F0B /* JLMultiLineTextEntryViewController.m in Sources */,
				D0C1AAD11A2D9796001B7FB6 /* RecipeEditorViewController.swift in Sources */,
				D098BA431A3CFEAC0016CED1 /* ELCImagePickerController.m in Sources */,
				D098BA421A3CFEAC0016CED1 /* ELCConsole.m in Sources */,
				6839FEDF1A4179BE008FC4F5 /* P8RecipeDetailStepCell.swift in Sources */,
				D0E329AC1A38BF4E00FBDE08 /* JLIngredientTableViewCell.m in Sources */,
				6829C2331A414AB900FAC3BA /* P8DebugStepTableViewCell.swift in Sources */,
				683D5BF81A36C41A00019906 /* P8RecipeDetailViewController.swift in Sources */,
				D098BA3F1A3CFEAC0016CED1 /* ELCAsset.m in Sources */,
				683D5BEC1A36C32D00019906 /* Project8.xcdatamodeld in Sources */,
				D0A126441A31965800A05F0B /* TemplateTableViewController.swift in Sources */,
				683D5BFA1A36C41A00019906 /* P8RecipeTableViewCell.swift in Sources */,
				68538EE01A256E360085E763 /* P8IngredientsTableViewController.swift in Sources */,
				D0A125B81A31668800A05F0B /* JLIngredientEditorTableViewController.m in Sources */,
				683D5BEE1A36C3FF00019906 /* P8IngredientEditorTableViewController.swift in Sources */,
				6829C2351A414B1100FAC3BA /* P8DebugStepTableViewController.swift in Sources */,
				D0A125B41A31660900A05F0B /* JLStepTableViewCell.m in Sources */,
				683D5C061A36C74900019906 /* Step.swift in Sources */,
				6849973F1A38A5CF00065C2A /* P8RecipeDetailIngredientCell.swift in Sources */,
				D033396D1A3BDF5B003B6DCC /* JLMultiStepImagePickerViewController.m in Sources */,
				6829C22F1A3EDA5600FAC3BA /* P8DebugIngredientTableViewCell.swift in Sources */,
				D098BA401A3CFEAC0016CED1 /* ELCAssetCell.m in Sources */,
				68D71A651A1E4AF8004FC7DA /* AppDelegate.swift in Sources */,
				683D5BF71A36C41A00019906 /* P8RecipeEditorViewController.swift in Sources */,
				D098BA411A3CFEAC0016CED1 /* ELCAssetTablePicker.m in Sources */,
				6829C22D1A3E87C600FAC3BA /* P8DebugIngredientTableViewController.swift in Sources */,
				D098BA3E1A3CFEAC0016CED1 /* ELCAlbumPickerController.m in Sources */,
				68F022AB1A37521200945C3A /* P8RecipeDetailRecipeCell.swift in Sources */,
				D0E329B01A38C02C00FBDE08 /* UIImage+JLUtilities.m in Sources */,
				683D5C021A36C64C00019906 /* Recipe.swift in Sources */,
			);
			runOnlyForDeploymentPostprocessing = 0;
		};
		68D71A731A1E4AF8004FC7DA /* Sources */ = {
			isa = PBXSourcesBuildPhase;
			buildActionMask = 2147483647;
			files = (
				68D71A7E1A1E4AF8004FC7DA /* Project8Tests.swift in Sources */,
			);
			runOnlyForDeploymentPostprocessing = 0;
		};
/* End PBXSourcesBuildPhase section */

/* Begin PBXTargetDependency section */
		68D71A791A1E4AF8004FC7DA /* PBXTargetDependency */ = {
			isa = PBXTargetDependency;
			target = 68D71A5E1A1E4AF8004FC7DA /* Project8 */;
			targetProxy = 68D71A781A1E4AF8004FC7DA /* PBXContainerItemProxy */;
		};
/* End PBXTargetDependency section */

/* Begin PBXVariantGroup section */
		68D71A6B1A1E4AF8004FC7DA /* Main.storyboard */ = {
			isa = PBXVariantGroup;
			children = (
				68D71A6C1A1E4AF8004FC7DA /* Base */,
			);
			name = Main.storyboard;
			sourceTree = "<group>";
		};
		68D71A701A1E4AF8004FC7DA /* LaunchScreen.xib */ = {
			isa = PBXVariantGroup;
			children = (
				68D71A711A1E4AF8004FC7DA /* Base */,
			);
			name = LaunchScreen.xib;
			sourceTree = "<group>";
		};
/* End PBXVariantGroup section */

/* Begin XCBuildConfiguration section */
		68D71A7F1A1E4AF8004FC7DA /* Debug */ = {
			isa = XCBuildConfiguration;
			buildSettings = {
				ALWAYS_SEARCH_USER_PATHS = NO;
				CLANG_CXX_LANGUAGE_STANDARD = "gnu++0x";
				CLANG_CXX_LIBRARY = "libc++";
				CLANG_ENABLE_MODULES = YES;
				CLANG_ENABLE_OBJC_ARC = YES;
				CLANG_WARN_BOOL_CONVERSION = YES;
				CLANG_WARN_CONSTANT_CONVERSION = YES;
				CLANG_WARN_DIRECT_OBJC_ISA_USAGE = YES_ERROR;
				CLANG_WARN_EMPTY_BODY = YES;
				CLANG_WARN_ENUM_CONVERSION = YES;
				CLANG_WARN_INT_CONVERSION = YES;
				CLANG_WARN_OBJC_ROOT_CLASS = YES_ERROR;
				CLANG_WARN_UNREACHABLE_CODE = YES;
				CLANG_WARN__DUPLICATE_METHOD_MATCH = YES;
				"CODE_SIGN_IDENTITY[sdk=iphoneos*]" = "iPhone Developer";
				COPY_PHASE_STRIP = NO;
				ENABLE_STRICT_OBJC_MSGSEND = YES;
				GCC_C_LANGUAGE_STANDARD = gnu99;
				GCC_DYNAMIC_NO_PIC = NO;
				GCC_OPTIMIZATION_LEVEL = 0;
				GCC_PREPROCESSOR_DEFINITIONS = (
					"DEBUG=1",
					"$(inherited)",
				);
				GCC_SYMBOLS_PRIVATE_EXTERN = NO;
				GCC_WARN_64_TO_32_BIT_CONVERSION = YES;
				GCC_WARN_ABOUT_RETURN_TYPE = YES_ERROR;
				GCC_WARN_UNDECLARED_SELECTOR = YES;
				GCC_WARN_UNINITIALIZED_AUTOS = YES_AGGRESSIVE;
				GCC_WARN_UNUSED_FUNCTION = YES;
				GCC_WARN_UNUSED_VARIABLE = YES;
				IPHONEOS_DEPLOYMENT_TARGET = 8.1;
				MTL_ENABLE_DEBUG_INFO = YES;
				ONLY_ACTIVE_ARCH = YES;
				SDKROOT = iphoneos;
				SWIFT_OPTIMIZATION_LEVEL = "-Onone";
				TARGETED_DEVICE_FAMILY = "1,2";
			};
			name = Debug;
		};
		68D71A801A1E4AF8004FC7DA /* Release */ = {
			isa = XCBuildConfiguration;
			buildSettings = {
				ALWAYS_SEARCH_USER_PATHS = NO;
				CLANG_CXX_LANGUAGE_STANDARD = "gnu++0x";
				CLANG_CXX_LIBRARY = "libc++";
				CLANG_ENABLE_MODULES = YES;
				CLANG_ENABLE_OBJC_ARC = YES;
				CLANG_WARN_BOOL_CONVERSION = YES;
				CLANG_WARN_CONSTANT_CONVERSION = YES;
				CLANG_WARN_DIRECT_OBJC_ISA_USAGE = YES_ERROR;
				CLANG_WARN_EMPTY_BODY = YES;
				CLANG_WARN_ENUM_CONVERSION = YES;
				CLANG_WARN_INT_CONVERSION = YES;
				CLANG_WARN_OBJC_ROOT_CLASS = YES_ERROR;
				CLANG_WARN_UNREACHABLE_CODE = YES;
				CLANG_WARN__DUPLICATE_METHOD_MATCH = YES;
				"CODE_SIGN_IDENTITY[sdk=iphoneos*]" = "iPhone Developer";
				COPY_PHASE_STRIP = YES;
				ENABLE_NS_ASSERTIONS = NO;
				ENABLE_STRICT_OBJC_MSGSEND = YES;
				GCC_C_LANGUAGE_STANDARD = gnu99;
				GCC_WARN_64_TO_32_BIT_CONVERSION = YES;
				GCC_WARN_ABOUT_RETURN_TYPE = YES_ERROR;
				GCC_WARN_UNDECLARED_SELECTOR = YES;
				GCC_WARN_UNINITIALIZED_AUTOS = YES_AGGRESSIVE;
				GCC_WARN_UNUSED_FUNCTION = YES;
				GCC_WARN_UNUSED_VARIABLE = YES;
				IPHONEOS_DEPLOYMENT_TARGET = 8.1;
				MTL_ENABLE_DEBUG_INFO = NO;
				SDKROOT = iphoneos;
				TARGETED_DEVICE_FAMILY = "1,2";
				VALIDATE_PRODUCT = YES;
			};
			name = Release;
		};
		68D71A821A1E4AF8004FC7DA /* Debug */ = {
			isa = XCBuildConfiguration;
			buildSettings = {
				ASSETCATALOG_COMPILER_APPICON_NAME = AppIcon;
				FRAMEWORK_SEARCH_PATHS = (
					"$(inherited)",
					"$(PROJECT_DIR)/Project8",
				);
				INFOPLIST_FILE = Project8/Info.plist;
				IPHONEOS_DEPLOYMENT_TARGET = 8.1;
				LD_RUNPATH_SEARCH_PATHS = "$(inherited) @executable_path/Frameworks";
				PRODUCT_NAME = "$(TARGET_NAME)";
				SWIFT_OBJC_BRIDGING_HEADER = "Project8/Project8-Bridge-Header.h";
				TARGETED_DEVICE_FAMILY = 1;
			};
			name = Debug;
		};
		68D71A831A1E4AF8004FC7DA /* Release */ = {
			isa = XCBuildConfiguration;
			buildSettings = {
				ASSETCATALOG_COMPILER_APPICON_NAME = AppIcon;
				FRAMEWORK_SEARCH_PATHS = (
					"$(inherited)",
					"$(PROJECT_DIR)/Project8",
				);
				INFOPLIST_FILE = Project8/Info.plist;
				IPHONEOS_DEPLOYMENT_TARGET = 8.1;
				LD_RUNPATH_SEARCH_PATHS = "$(inherited) @executable_path/Frameworks";
				PRODUCT_NAME = "$(TARGET_NAME)";
				SWIFT_OBJC_BRIDGING_HEADER = "Project8/Project8-Bridge-Header.h";
				TARGETED_DEVICE_FAMILY = 1;
			};
			name = Release;
		};
		68D71A851A1E4AF8004FC7DA /* Debug */ = {
			isa = XCBuildConfiguration;
			buildSettings = {
				BUNDLE_LOADER = "$(TEST_HOST)";
				FRAMEWORK_SEARCH_PATHS = (
					"$(SDKROOT)/Developer/Library/Frameworks",
					"$(inherited)",
				);
				GCC_PREPROCESSOR_DEFINITIONS = (
					"DEBUG=1",
					"$(inherited)",
				);
				INFOPLIST_FILE = Project8Tests/Info.plist;
				LD_RUNPATH_SEARCH_PATHS = "$(inherited) @executable_path/Frameworks @loader_path/Frameworks";
				PRODUCT_NAME = "$(TARGET_NAME)";
				TEST_HOST = "$(BUILT_PRODUCTS_DIR)/Project8.app/Project8";
			};
			name = Debug;
		};
		68D71A861A1E4AF8004FC7DA /* Release */ = {
			isa = XCBuildConfiguration;
			buildSettings = {
				BUNDLE_LOADER = "$(TEST_HOST)";
				FRAMEWORK_SEARCH_PATHS = (
					"$(SDKROOT)/Developer/Library/Frameworks",
					"$(inherited)",
				);
				INFOPLIST_FILE = Project8Tests/Info.plist;
				LD_RUNPATH_SEARCH_PATHS = "$(inherited) @executable_path/Frameworks @loader_path/Frameworks";
				PRODUCT_NAME = "$(TARGET_NAME)";
				TEST_HOST = "$(BUILT_PRODUCTS_DIR)/Project8.app/Project8";
			};
			name = Release;
		};
/* End XCBuildConfiguration section */

/* Begin XCConfigurationList section */
		68D71A5A1A1E4AF8004FC7DA /* Build configuration list for PBXProject "Project8" */ = {
			isa = XCConfigurationList;
			buildConfigurations = (
				68D71A7F1A1E4AF8004FC7DA /* Debug */,
				68D71A801A1E4AF8004FC7DA /* Release */,
			);
			defaultConfigurationIsVisible = 0;
			defaultConfigurationName = Release;
		};
		68D71A811A1E4AF8004FC7DA /* Build configuration list for PBXNativeTarget "Project8" */ = {
			isa = XCConfigurationList;
			buildConfigurations = (
				68D71A821A1E4AF8004FC7DA /* Debug */,
				68D71A831A1E4AF8004FC7DA /* Release */,
			);
			defaultConfigurationIsVisible = 0;
			defaultConfigurationName = Release;
		};
		68D71A841A1E4AF8004FC7DA /* Build configuration list for PBXNativeTarget "Project8Tests" */ = {
			isa = XCConfigurationList;
			buildConfigurations = (
				68D71A851A1E4AF8004FC7DA /* Debug */,
				68D71A861A1E4AF8004FC7DA /* Release */,
			);
			defaultConfigurationIsVisible = 0;
			defaultConfigurationName = Release;
		};
/* End XCConfigurationList section */

/* Begin XCVersionGroup section */
		683D5BEA1A36C32D00019906 /* Project8.xcdatamodeld */ = {
			isa = XCVersionGroup;
			children = (
				683D5BEB1A36C32D00019906 /* Project8.xcdatamodel */,
			);
			currentVersion = 683D5BEB1A36C32D00019906 /* Project8.xcdatamodel */;
			path = Project8.xcdatamodeld;
			sourceTree = "<group>";
			versionGroupType = wrapper.xcdatamodel;
		};
/* End XCVersionGroup section */
	};
	rootObject = 68D71A571A1E4AF8004FC7DA /* Project object */;
}
